
Microsoft Visual Studio Solution File, Format Version 12.00
# Visual Studio Version 16
VisualStudioVersion = 16.0.30413.136
MinimumVisualStudioVersion = 10.0.40219.1
Project("{FAE04EC0-301F-11D3-BF4B-00C04F79EFBC}") = "FirstWCFService", "FirstWCFService\FirstWCFService.csproj", "{FD06647F-737F-42F1-93EF-338D2643D1D1}"
EndProject
Global
	GlobalSection(SolutionConfigurationPlatforms) = preSolution
		Debug|Any CPU = Debug|Any CPU
		Release|Any CPU = Release|Any CPU
	EndGlobalSection
	GlobalSection(ProjectConfigurationPlatforms) = postSolution
		{FD06647F-737F-42F1-93EF-338D2643D1D1}.Debug|Any CPU.ActiveCfg = Debug|Any CPU
		{FD06647F-737F-42F1-93EF-338D2643D1D1}.Debug|Any CPU.Build.0 = Debug|Any CPU
		{FD06647F-737F-42F1-93EF-338D2643D1D1}.Release|Any CPU.ActiveCfg = Release|Any CPU
		{FD06647F-737F-42F1-93EF-338D2643D1D1}.Release|Any CPU.Build.0 = Release|Any CPU
	EndGlobalSection
	GlobalSection(SolutionProperties) = preSolution
		HideSolutionNode = FALSE
	EndGlobalSection
	GlobalSection(ExtensibilityGlobals) = postSolution
		SolutionGuid = {4F9A3389-002A-4AA9-9D36-BA2DF04D9E90}
	EndGlobalSection
EndGlobal
